// !$*UTF8*$!
{
	archiveVersion = 1;
	classes = {
	};
	objectVersion = 46;
	objects = {

/* Begin PBXBuildFile section */
		9213A03D16EE3B48005CACD1 /* UIKit.framework in Frameworks */ = {isa = PBXBuildFile; fileRef = 9213A03C16EE3B48005CACD1 /* UIKit.framework */; };
		9213A03F16EE3B48005CACD1 /* Foundation.framework in Frameworks */ = {isa = PBXBuildFile; fileRef = 9213A03E16EE3B48005CACD1 /* Foundation.framework */; };
		9213A04116EE3B48005CACD1 /* CoreGraphics.framework in Frameworks */ = {isa = PBXBuildFile; fileRef = 9213A04016EE3B48005CACD1 /* CoreGraphics.framework */; };
		9213A04716EE3B48005CACD1 /* InfoPlist.strings in Resources */ = {isa = PBXBuildFile; fileRef = 9213A04516EE3B48005CACD1 /* InfoPlist.strings */; };
		9213A04916EE3B48005CACD1 /* main.m in Sources */ = {isa = PBXBuildFile; fileRef = 9213A04816EE3B48005CACD1 /* main.m */; };
		9213A04D16EE3B48005CACD1 /* AAAppDelegate.m in Sources */ = {isa = PBXBuildFile; fileRef = 9213A04C16EE3B48005CACD1 /* AAAppDelegate.m */; };
		9213A04F16EE3B48005CACD1 /* Default.png in Resources */ = {isa = PBXBuildFile; fileRef = 9213A04E16EE3B48005CACD1 /* Default.png */; };
		9213A05116EE3B48005CACD1 /* Default@2x.png in Resources */ = {isa = PBXBuildFile; fileRef = 9213A05016EE3B48005CACD1 /* Default@2x.png */; };
		9213A05316EE3B48005CACD1 /* Default-568h@2x.png in Resources */ = {isa = PBXBuildFile; fileRef = 9213A05216EE3B48005CACD1 /* Default-568h@2x.png */; };
		9213A05616EE3B48005CACD1 /* AAViewController.m in Sources */ = {isa = PBXBuildFile; fileRef = 9213A05516EE3B48005CACD1 /* AAViewController.m */; };
		9213A05916EE3B48005CACD1 /* AAViewController.xib in Resources */ = {isa = PBXBuildFile; fileRef = 9213A05716EE3B48005CACD1 /* AAViewController.xib */; };
		92740F7C16F0F3C100CBFC0A /* OpenUDID.m in Sources */ = {isa = PBXBuildFile; fileRef = 92740F7B16F0F3C100CBFC0A /* OpenUDID.m */; };
		92740F8016F0FB8600CBFC0A /* AADisplayNameVC.m in Sources */ = {isa = PBXBuildFile; fileRef = 92740F7E16F0FB8600CBFC0A /* AADisplayNameVC.m */; };
		92740F8116F0FB8600CBFC0A /* AADisplayNameVC.xib in Resources */ = {isa = PBXBuildFile; fileRef = 92740F7F16F0FB8600CBFC0A /* AADisplayNameVC.xib */; };
		92740F8516F2404B00CBFC0A /* AAContactsVC.m in Sources */ = {isa = PBXBuildFile; fileRef = 92740F8316F2404B00CBFC0A /* AAContactsVC.m */; };
		92740F8616F2404B00CBFC0A /* AAContactsVC.xib in Resources */ = {isa = PBXBuildFile; fileRef = 92740F8416F2404B00CBFC0A /* AAContactsVC.xib */; };
		92740F8916F2408400CBFC0A /* AddressBook.framework in Frameworks */ = {isa = PBXBuildFile; fileRef = 92740F8716F2408400CBFC0A /* AddressBook.framework */; };
		92740F8A16F2408400CBFC0A /* AddressBookUI.framework in Frameworks */ = {isa = PBXBuildFile; fileRef = 92740F8816F2408400CBFC0A /* AddressBookUI.framework */; };
/* End PBXBuildFile section */

/* Begin PBXFileReference section */
		9213A03916EE3B48005CACD1 /* NaviTouch.app */ = {isa = PBXFileReference; explicitFileType = wrapper.application; includeInIndex = 0; path = NaviTouch.app; sourceTree = BUILT_PRODUCTS_DIR; };
		9213A03C16EE3B48005CACD1 /* UIKit.framework */ = {isa = PBXFileReference; lastKnownFileType = wrapper.framework; name = UIKit.framework; path = System/Library/Frameworks/UIKit.framework; sourceTree = SDKROOT; };
		9213A03E16EE3B48005CACD1 /* Foundation.framework */ = {isa = PBXFileReference; lastKnownFileType = wrapper.framework; name = Foundation.framework; path = System/Library/Frameworks/Foundation.framework; sourceTree = SDKROOT; };
		9213A04016EE3B48005CACD1 /* CoreGraphics.framework */ = {isa = PBXFileReference; lastKnownFileType = wrapper.framework; name = CoreGraphics.framework; path = System/Library/Frameworks/CoreGraphics.framework; sourceTree = SDKROOT; };
		9213A04416EE3B48005CACD1 /* NaviTouch-Info.plist */ = {isa = PBXFileReference; lastKnownFileType = text.plist.xml; path = "NaviTouch-Info.plist"; sourceTree = "<group>"; };
		9213A04616EE3B48005CACD1 /* en */ = {isa = PBXFileReference; lastKnownFileType = text.plist.strings; name = en; path = en.lproj/InfoPlist.strings; sourceTree = "<group>"; };
		9213A04816EE3B48005CACD1 /* main.m */ = {isa = PBXFileReference; lastKnownFileType = sourcecode.c.objc; path = main.m; sourceTree = "<group>"; };
		9213A04A16EE3B48005CACD1 /* NaviTouch-Prefix.pch */ = {isa = PBXFileReference; lastKnownFileType = sourcecode.c.h; path = "NaviTouch-Prefix.pch"; sourceTree = "<group>"; };
		9213A04B16EE3B48005CACD1 /* AAAppDelegate.h */ = {isa = PBXFileReference; lastKnownFileType = sourcecode.c.h; path = AAAppDelegate.h; sourceTree = "<group>"; };
		9213A04C16EE3B48005CACD1 /* AAAppDelegate.m */ = {isa = PBXFileReference; lastKnownFileType = sourcecode.c.objc; path = AAAppDelegate.m; sourceTree = "<group>"; };
		9213A04E16EE3B48005CACD1 /* Default.png */ = {isa = PBXFileReference; lastKnownFileType = image.png; path = Default.png; sourceTree = "<group>"; };
		9213A05016EE3B48005CACD1 /* Default@2x.png */ = {isa = PBXFileReference; lastKnownFileType = image.png; path = "Default@2x.png"; sourceTree = "<group>"; };
		9213A05216EE3B48005CACD1 /* Default-568h@2x.png */ = {isa = PBXFileReference; lastKnownFileType = image.png; path = "Default-568h@2x.png"; sourceTree = "<group>"; };
		9213A05416EE3B48005CACD1 /* AAViewController.h */ = {isa = PBXFileReference; lastKnownFileType = sourcecode.c.h; path = AAViewController.h; sourceTree = "<group>"; };
		9213A05516EE3B48005CACD1 /* AAViewController.m */ = {isa = PBXFileReference; lastKnownFileType = sourcecode.c.objc; path = AAViewController.m; sourceTree = "<group>"; };
		9213A05816EE3B48005CACD1 /* en */ = {isa = PBXFileReference; lastKnownFileType = file.xib; name = en; path = en.lproj/AAViewController.xib; sourceTree = "<group>"; };
		92740F7A16F0F3C100CBFC0A /* OpenUDID.h */ = {isa = PBXFileReference; fileEncoding = 4; lastKnownFileType = sourcecode.c.h; path = OpenUDID.h; sourceTree = "<group>"; };
		92740F7B16F0F3C100CBFC0A /* OpenUDID.m */ = {isa = PBXFileReference; fileEncoding = 4; lastKnownFileType = sourcecode.c.objc; path = OpenUDID.m; sourceTree = "<group>"; };
		92740F7D16F0FB8600CBFC0A /* AADisplayNameVC.h */ = {isa = PBXFileReference; fileEncoding = 4; lastKnownFileType = sourcecode.c.h; path = AADisplayNameVC.h; sourceTree = "<group>"; };
		92740F7E16F0FB8600CBFC0A /* AADisplayNameVC.m */ = {isa = PBXFileReference; fileEncoding = 4; lastKnownFileType = sourcecode.c.objc; path = AADisplayNameVC.m; sourceTree = "<group>"; };
		92740F7F16F0FB8600CBFC0A /* AADisplayNameVC.xib */ = {isa = PBXFileReference; fileEncoding = 4; lastKnownFileType = file.xib; path = AADisplayNameVC.xib; sourceTree = "<group>"; };
		92740F8216F2404B00CBFC0A /* AAContactsVC.h */ = {isa = PBXFileReference; fileEncoding = 4; lastKnownFileType = sourcecode.c.h; path = AAContactsVC.h; sourceTree = "<group>"; };
		92740F8316F2404B00CBFC0A /* AAContactsVC.m */ = {isa = PBXFileReference; fileEncoding = 4; lastKnownFileType = sourcecode.c.objc; path = AAContactsVC.m; sourceTree = "<group>"; };
		92740F8416F2404B00CBFC0A /* AAContactsVC.xib */ = {isa = PBXFileReference; fileEncoding = 4; lastKnownFileType = file.xib; path = AAContactsVC.xib; sourceTree = "<group>"; };
		92740F8716F2408400CBFC0A /* AddressBook.framework */ = {isa = PBXFileReference; lastKnownFileType = wrapper.framework; name = AddressBook.framework; path = System/Library/Frameworks/AddressBook.framework; sourceTree = SDKROOT; };
		92740F8816F2408400CBFC0A /* AddressBookUI.framework */ = {isa = PBXFileReference; lastKnownFileType = wrapper.framework; name = AddressBookUI.framework; path = System/Library/Frameworks/AddressBookUI.framework; sourceTree = SDKROOT; };
/* End PBXFileReference section */

/* Begin PBXFrameworksBuildPhase section */
		9213A03616EE3B48005CACD1 /* Frameworks */ = {
			isa = PBXFrameworksBuildPhase;
			buildActionMask = 2147483647;
			files = (
				92740F8916F2408400CBFC0A /* AddressBook.framework in Frameworks */,
				92740F8A16F2408400CBFC0A /* AddressBookUI.framework in Frameworks */,
				9213A03D16EE3B48005CACD1 /* UIKit.framework in Frameworks */,
				9213A03F16EE3B48005CACD1 /* Foundation.framework in Frameworks */,
				9213A04116EE3B48005CACD1 /* CoreGraphics.framework in Frameworks */,
			);
			runOnlyForDeploymentPostprocessing = 0;
		};
/* End PBXFrameworksBuildPhase section */

/* Begin PBXGroup section */
		9213A03016EE3B48005CACD1 = {
			isa = PBXGroup;
			children = (
				9213A04216EE3B48005CACD1 /* NaviTouch */,
				9213A03B16EE3B48005CACD1 /* Frameworks */,
				9213A03A16EE3B48005CACD1 /* Products */,
			);
			sourceTree = "<group>";
		};
		9213A03A16EE3B48005CACD1 /* Products */ = {
			isa = PBXGroup;
			children = (
				9213A03916EE3B48005CACD1 /* NaviTouch.app */,
			);
			name = Products;
			sourceTree = "<group>";
		};
		9213A03B16EE3B48005CACD1 /* Frameworks */ = {
			isa = PBXGroup;
			children = (
				92740F8716F2408400CBFC0A /* AddressBook.framework */,
				92740F8816F2408400CBFC0A /* AddressBookUI.framework */,
				9213A03C16EE3B48005CACD1 /* UIKit.framework */,
				9213A03E16EE3B48005CACD1 /* Foundation.framework */,
				9213A04016EE3B48005CACD1 /* CoreGraphics.framework */,
			);
			name = Frameworks;
			sourceTree = "<group>";
		};
		9213A04216EE3B48005CACD1 /* NaviTouch */ = {
			isa = PBXGroup;
			children = (
				92740F7616F0E6F900CBFC0A /* OpenUDID */,
				9213A04B16EE3B48005CACD1 /* AAAppDelegate.h */,
				9213A04C16EE3B48005CACD1 /* AAAppDelegate.m */,
				9213A05416EE3B48005CACD1 /* AAViewController.h */,
				9213A05516EE3B48005CACD1 /* AAViewController.m */,
				9213A05716EE3B48005CACD1 /* AAViewController.xib */,
				92740F7D16F0FB8600CBFC0A /* AADisplayNameVC.h */,
				92740F7E16F0FB8600CBFC0A /* AADisplayNameVC.m */,
				92740F7F16F0FB8600CBFC0A /* AADisplayNameVC.xib */,
				92740F8216F2404B00CBFC0A /* AAContactsVC.h */,
				92740F8316F2404B00CBFC0A /* AAContactsVC.m */,
				92740F8416F2404B00CBFC0A /* AAContactsVC.xib */,
				9213A04316EE3B48005CACD1 /* Supporting Files */,
			);
			path = NaviTouch;
			sourceTree = "<group>";
		};
		9213A04316EE3B48005CACD1 /* Supporting Files */ = {
			isa = PBXGroup;
			children = (
				9213A04416EE3B48005CACD1 /* NaviTouch-Info.plist */,
				9213A04516EE3B48005CACD1 /* InfoPlist.strings */,
				9213A04816EE3B48005CACD1 /* main.m */,
				9213A04A16EE3B48005CACD1 /* NaviTouch-Prefix.pch */,
				9213A04E16EE3B48005CACD1 /* Default.png */,
				9213A05016EE3B48005CACD1 /* Default@2x.png */,
				9213A05216EE3B48005CACD1 /* Default-568h@2x.png */,
			);
			name = "Supporting Files";
			sourceTree = "<group>";
		};
		92740F7616F0E6F900CBFC0A /* OpenUDID */ = {
			isa = PBXGroup;
			children = (
				92740F7A16F0F3C100CBFC0A /* OpenUDID.h */,
				92740F7B16F0F3C100CBFC0A /* OpenUDID.m */,
			);
			name = OpenUDID;
			sourceTree = "<group>";
		};
/* End PBXGroup section */

/* Begin PBXNativeTarget section */
		9213A03816EE3B48005CACD1 /* NaviTouch */ = {
			isa = PBXNativeTarget;
			buildConfigurationList = 9213A05C16EE3B48005CACD1 /* Build configuration list for PBXNativeTarget "NaviTouch" */;
			buildPhases = (
				9213A03516EE3B48005CACD1 /* Sources */,
				9213A03616EE3B48005CACD1 /* Frameworks */,
				9213A03716EE3B48005CACD1 /* Resources */,
			);
			buildRules = (
			);
			dependencies = (
			);
			name = NaviTouch;
			productName = NaviTouch;
			productReference = 9213A03916EE3B48005CACD1 /* NaviTouch.app */;
			productType = "com.apple.product-type.application";
		};
/* End PBXNativeTarget section */

/* Begin PBXProject section */
		9213A03116EE3B48005CACD1 /* Project object */ = {
			isa = PBXProject;
			attributes = {
				CLASSPREFIX = AA;
				LastUpgradeCheck = 0460;
				ORGANIZATIONNAME = "Arya Corp";
			};
			buildConfigurationList = 9213A03416EE3B48005CACD1 /* Build configuration list for PBXProject "NaviTouch" */;
			compatibilityVersion = "Xcode 3.2";
			developmentRegion = English;
			hasScannedForEncodings = 0;
			knownRegions = (
				en,
			);
			mainGroup = 9213A03016EE3B48005CACD1;
			productRefGroup = 9213A03A16EE3B48005CACD1 /* Products */;
			projectDirPath = "";
			projectRoot = "";
			targets = (
				9213A03816EE3B48005CACD1 /* NaviTouch */,
			);
		};
/* End PBXProject section */

/* Begin PBXResourcesBuildPhase section */
		9213A03716EE3B48005CACD1 /* Resources */ = {
			isa = PBXResourcesBuildPhase;
			buildActionMask = 2147483647;
			files = (
				9213A04716EE3B48005CACD1 /* InfoPlist.strings in Resources */,
				9213A04F16EE3B48005CACD1 /* Default.png in Resources */,
				9213A05116EE3B48005CACD1 /* Default@2x.png in Resources */,
				9213A05316EE3B48005CACD1 /* Default-568h@2x.png in Resources */,
				9213A05916EE3B48005CACD1 /* AAViewController.xib in Resources */,
				92740F8116F0FB8600CBFC0A /* AADisplayNameVC.xib in Resources */,
				92740F8616F2404B00CBFC0A /* AAContactsVC.xib in Resources */,
			);
			runOnlyForDeploymentPostprocessing = 0;
		};
/* End PBXResourcesBuildPhase section */

/* Begin PBXSourcesBuildPhase section */
		9213A03516EE3B48005CACD1 /* Sources */ = {
			isa = PBXSourcesBuildPhase;
			buildActionMask = 2147483647;
			files = (
				9213A04916EE3B48005CACD1 /* main.m in Sources */,
				9213A04D16EE3B48005CACD1 /* AAAppDelegate.m in Sources */,
				9213A05616EE3B48005CACD1 /* AAViewController.m in Sources */,
				92740F7C16F0F3C100CBFC0A /* OpenUDID.m in Sources */,
				92740F8016F0FB8600CBFC0A /* AADisplayNameVC.m in Sources */,
				92740F8516F2404B00CBFC0A /* AAContactsVC.m in Sources */,
			);
			runOnlyForDeploymentPostprocessing = 0;
		};
/* End PBXSourcesBuildPhase section */

/* Begin PBXVariantGroup section */
		9213A04516EE3B48005CACD1 /* InfoPlist.strings */ = {
			isa = PBXVariantGroup;
			children = (
				9213A04616EE3B48005CACD1 /* en */,
			);
			name = InfoPlist.strings;
			sourceTree = "<group>";
		};
		9213A05716EE3B48005CACD1 /* AAViewController.xib */ = {
			isa = PBXVariantGroup;
			children = (
				9213A05816EE3B48005CACD1 /* en */,
			);
			name = AAViewController.xib;
			sourceTree = "<group>";
		};
/* End PBXVariantGroup section */

/* Begin XCBuildConfiguration section */
		9213A05A16EE3B48005CACD1 /* Debug */ = {
			isa = XCBuildConfiguration;
			buildSettings = {
				ALWAYS_SEARCH_USER_PATHS = NO;
				CLANG_CXX_LANGUAGE_STANDARD = "gnu++0x";
				CLANG_CXX_LIBRARY = "libc++";
				CLANG_ENABLE_OBJC_ARC = YES;
				CLANG_WARN_CONSTANT_CONVERSION = YES;
				CLANG_WARN_EMPTY_BODY = YES;
				CLANG_WARN_ENUM_CONVERSION = YES;
				CLANG_WARN_INT_CONVERSION = YES;
				CLANG_WARN__DUPLICATE_METHOD_MATCH = YES;
				"CODE_SIGN_IDENTITY[sdk=iphoneos*]" = "iPhone Developer";
				COPY_PHASE_STRIP = NO;
				GCC_C_LANGUAGE_STANDARD = gnu99;
				GCC_DYNAMIC_NO_PIC = NO;
				GCC_OPTIMIZATION_LEVEL = 0;
				GCC_PREPROCESSOR_DEFINITIONS = (
					"DEBUG=1",
					"$(inherited)",
				);
				GCC_SYMBOLS_PRIVATE_EXTERN = NO;
				GCC_WARN_ABOUT_RETURN_TYPE = YES;
				GCC_WARN_UNINITIALIZED_AUTOS = YES;
				GCC_WARN_UNUSED_VARIABLE = YES;
				IPHONEOS_DEPLOYMENT_TARGET = 6.1;
				ONLY_ACTIVE_ARCH = YES;
				SDKROOT = iphoneos;
			};
			name = Debug;
		};
		9213A05B16EE3B48005CACD1 /* Release */ = {
			isa = XCBuildConfiguration;
			buildSettings = {
				ALWAYS_SEARCH_USER_PATHS = NO;
				CLANG_CXX_LANGUAGE_STANDARD = "gnu++0x";
				CLANG_CXX_LIBRARY = "libc++";
				CLANG_ENABLE_OBJC_ARC = YES;
				CLANG_WARN_CONSTANT_CONVERSION = YES;
				CLANG_WARN_EMPTY_BODY = YES;
				CLANG_WARN_ENUM_CONVERSION = YES;
				CLANG_WARN_INT_CONVERSION = YES;
				CLANG_WARN__DUPLICATE_METHOD_MATCH = YES;
				"CODE_SIGN_IDENTITY[sdk=iphoneos*]" = "iPhone Developer";
				COPY_PHASE_STRIP = YES;
				GCC_C_LANGUAGE_STANDARD = gnu99;
				GCC_WARN_ABOUT_RETURN_TYPE = YES;
				GCC_WARN_UNINITIALIZED_AUTOS = YES;
				GCC_WARN_UNUSED_VARIABLE = YES;
				IPHONEOS_DEPLOYMENT_TARGET = 6.1;
				OTHER_CFLAGS = "-DNS_BLOCK_ASSERTIONS=1";
				SDKROOT = iphoneos;
				VALIDATE_PRODUCT = YES;
			};
			name = Release;
		};
		9213A05D16EE3B48005CACD1 /* Debug */ = {
			isa = XCBuildConfiguration;
			buildSettings = {
				GCC_PRECOMPILE_PREFIX_HEADER = YES;
				GCC_PREFIX_HEADER = "NaviTouch/NaviTouch-Prefix.pch";
				INFOPLIST_FILE = "NaviTouch/NaviTouch-Info.plist";
				PRODUCT_NAME = "$(TARGET_NAME)";
				WRAPPER_EXTENSION = app;
			};
			name = Debug;
		};
		9213A05E16EE3B48005CACD1 /* Release */ = {
			isa = XCBuildConfiguration;
			buildSettings = {
				GCC_PRECOMPILE_PREFIX_HEADER = YES;
				GCC_PREFIX_HEADER = "NaviTouch/NaviTouch-Prefix.pch";
				INFOPLIST_FILE = "NaviTouch/NaviTouch-Info.plist";
				PRODUCT_NAME = "$(TARGET_NAME)";
				WRAPPER_EXTENSION = app;
			};
			name = Release;
		};
/* End XCBuildConfiguration section */

/* Begin XCConfigurationList section */
		9213A03416EE3B48005CACD1 /* Build configuration list for PBXProject "NaviTouch" */ = {
			isa = XCConfigurationList;
			buildConfigurations = (
				9213A05A16EE3B48005CACD1 /* Debug */,
				9213A05B16EE3B48005CACD1 /* Release */,
			);
			defaultConfigurationIsVisible = 0;
			defaultConfigurationName = Release;
		};
		9213A05C16EE3B48005CACD1 /* Build configuration list for PBXNativeTarget "NaviTouch" */ = {
			isa = XCConfigurationList;
			buildConfigurations = (
				9213A05D16EE3B48005CACD1 /* Debug */,
				9213A05E16EE3B48005CACD1 /* Release */,
			);
			defaultConfigurationIsVisible = 0;
			defaultConfigurationName = Release;
		};
/* End XCConfigurationList section */
	};
	rootObject = 9213A03116EE3B48005CACD1 /* Project object */;
}
